
Microsoft Visual Studio Solution File, Format Version 12.00
# Visual Studio Version 16
VisualStudioVersion = 16.0.29728.190
MinimumVisualStudioVersion = 10.0.40219.1
Project("{FAE04EC0-301F-11D3-BF4B-00C04F79EFBC}") = "swAddinAlignTool", "swAddinAlignTool.csproj", "{6181C81D-F843-45FA-A3D3-38E304DD616B}"
EndProject
Global
	GlobalSection(SolutionConfigurationPlatforms) = preSolution
		Debug|Any CPU = Debug|Any CPU
		Release|Any CPU = Release|Any CPU
	EndGlobalSection
	GlobalSection(ProjectConfigurationPlatforms) = postSolution
		{6181C81D-F843-45FA-A3D3-38E304DD616B}.Debug|Any CPU.ActiveCfg = Debug|Any CPU
		{6181C81D-F843-45FA-A3D3-38E304DD616B}.Debug|Any CPU.Build.0 = Debug|Any CPU
		{6181C81D-F843-45FA-A3D3-38E304DD616B}.Release|Any CPU.ActiveCfg = Release|Any CPU
		{6181C81D-F843-45FA-A3D3-38E304DD616B}.Release|Any CPU.Build.0 = Release|Any CPU
	EndGlobalSection
	GlobalSection(SolutionProperties) = preSolution
		HideSolutionNode = FALSE
	EndGlobalSection
	GlobalSection(ExtensibilityGlobals) = postSolution
		SolutionGuid = {358996D0-7842-4D4C-8D25-937EC01DCC92}
	EndGlobalSection
EndGlobal
